
Microsoft Visual Studio Solution File, Format Version 12.00
# Visual Studio Version 16
VisualStudioVersion = 16.0.30114.105
MinimumVisualStudioVersion = 10.0.40219.1
Project("{2150E333-8FDC-42A3-9474-1A3956D46DE8}") = "src", "src", "{2E5A03F6-F167-4510-92F1-1E91DA1852D9}"
EndProject
Project("{FAE04EC0-301F-11D3-BF4B-00C04F79EFBC}") = "AppTemplate", "src\AppTemplate\AppTemplate.csproj", "{6A4E7560-64D5-4B01-AE4E-3BFC762A35BA}"
EndProject
Global
	GlobalSection(SolutionConfigurationPlatforms) = preSolution
		Debug|Any CPU = Debug|Any CPU
		Release|Any CPU = Release|Any CPU
	EndGlobalSection
	GlobalSection(SolutionProperties) = preSolution
		HideSolutionNode = FALSE
	EndGlobalSection
	GlobalSection(ProjectConfigurationPlatforms) = postSolution
		{6A4E7560-64D5-4B01-AE4E-3BFC762A35BA}.Debug|Any CPU.ActiveCfg = Debug|Any CPU
		{6A4E7560-64D5-4B01-AE4E-3BFC762A35BA}.Debug|Any CPU.Build.0 = Debug|Any CPU
		{6A4E7560-64D5-4B01-AE4E-3BFC762A35BA}.Release|Any CPU.ActiveCfg = Release|Any CPU
		{6A4E7560-64D5-4B01-AE4E-3BFC762A35BA}.Release|Any CPU.Build.0 = Release|Any CPU
	EndGlobalSection
	GlobalSection(NestedProjects) = preSolution
		{6A4E7560-64D5-4B01-AE4E-3BFC762A35BA} = {2E5A03F6-F167-4510-92F1-1E91DA1852D9}
	EndGlobalSection
EndGlobal
